{
  "name": "vendify-sdk",
  "version": "0.0.0",
  "lockfileVersion": 3,
  "requires": true,
  "packages": {
    "": {
      "name": "vendify-sdk",
      "version": "0.0.0",
      "license": "BSD 3-Clause License",
      "engines": {
        "node": ">=16.0.0",
        "npm": ">=7.10.0"
      }
    }
  }
}
